
Microsoft Visual Studio Solution File, Format Version 12.00
# Visual Studio 15
VisualStudioVersion = 15.0.28307.757
MinimumVisualStudioVersion = 10.0.40219.1
Project("{FAE04EC0-301F-11D3-BF4B-00C04F79EFBC}") = "Bsa.Lib", "BSA.Lib\Bsa.Lib.csproj", "{1738E3B2-5F83-43D4-9ED6-75358D0ED751}"
EndProject
Project("{FAE04EC0-301F-11D3-BF4B-00C04F79EFBC}") = "Bsa.Web", "BSA.Web\Bsa.Web.csproj", "{6C86E278-9496-4549-98E9-A86415F07954}"
EndProject
Global
	GlobalSection(SolutionConfigurationPlatforms) = preSolution
		Debug|Any CPU = Debug|Any CPU
		Release|Any CPU = Release|Any CPU
	EndGlobalSection
	GlobalSection(ProjectConfigurationPlatforms) = postSolution
		{1738E3B2-5F83-43D4-9ED6-75358D0ED751}.Debug|Any CPU.ActiveCfg = Debug|Any CPU
		{1738E3B2-5F83-43D4-9ED6-75358D0ED751}.Debug|Any CPU.Build.0 = Debug|Any CPU
		{1738E3B2-5F83-43D4-9ED6-75358D0ED751}.Release|Any CPU.ActiveCfg = Release|Any CPU
		{1738E3B2-5F83-43D4-9ED6-75358D0ED751}.Release|Any CPU.Build.0 = Release|Any CPU
		{6C86E278-9496-4549-98E9-A86415F07954}.Debug|Any CPU.ActiveCfg = Debug|Any CPU
		{6C86E278-9496-4549-98E9-A86415F07954}.Debug|Any CPU.Build.0 = Debug|Any CPU
		{6C86E278-9496-4549-98E9-A86415F07954}.Release|Any CPU.ActiveCfg = Release|Any CPU
		{6C86E278-9496-4549-98E9-A86415F07954}.Release|Any CPU.Build.0 = Release|Any CPU
	EndGlobalSection
	GlobalSection(SolutionProperties) = preSolution
		HideSolutionNode = FALSE
	EndGlobalSection
	GlobalSection(ExtensibilityGlobals) = postSolution
		SolutionGuid = {7335B37E-29CC-44D9-B92D-2B58205B9398}
	EndGlobalSection
EndGlobal
